// !$*UTF8*$!
{
	archiveVersion = 1;
	classes = {
	};
	objectVersion = 50;
	objects = {

/* Begin PBXBuildFile section */
		9B06C0EE265A5A5E0069CAB4 /* RestLogger+Tests.swift in Sources */ = {isa = PBXBuildFile; fileRef = 9B06C0ED265A5A5E0069CAB4 /* RestLogger+Tests.swift */; };
		9B06C0F4265A5BD10069CAB4 /* Dependencies.swift in Sources */ = {isa = PBXBuildFile; fileRef = 9B06C0F3265A5BD10069CAB4 /* Dependencies.swift */; };
		9B06C0F8265A5C5B0069CAB4 /* Dependencies+Tests.swift in Sources */ = {isa = PBXBuildFile; fileRef = 9B06C0F7265A5C5B0069CAB4 /* Dependencies+Tests.swift */; };
		9B201FCB2659116F007A137A /* RestMethod.swift in Sources */ = {isa = PBXBuildFile; fileRef = 9B201FCA2659116F007A137A /* RestMethod.swift */; };
		9B201FCE2659119A007A137A /* RestRequest.swift in Sources */ = {isa = PBXBuildFile; fileRef = 9B201FCD2659119A007A137A /* RestRequest.swift */; };
		9B201FD1265911C1007A137A /* RestOperation.swift in Sources */ = {isa = PBXBuildFile; fileRef = 9B201FD0265911C1007A137A /* RestOperation.swift */; };
		9B201FD4265911EE007A137A /* RestClient.swift in Sources */ = {isa = PBXBuildFile; fileRef = 9B201FD3265911EE007A137A /* RestClient.swift */; };
		9B201FDD26591325007A137A /* RestClientTests.swift in Sources */ = {isa = PBXBuildFile; fileRef = 9B201FDC26591325007A137A /* RestClientTests.swift */; };
		9B201FDF26591325007A137A /* libRestLogger.a in Frameworks */ = {isa = PBXBuildFile; fileRef = 9BA440B126591010008A5830 /* libRestLogger.a */; };
		9BA440B526591010008A5830 /* RestLogger.swift in Sources */ = {isa = PBXBuildFile; fileRef = 9BA440B426591010008A5830 /* RestLogger.swift */; };
/* End PBXBuildFile section */

/* Begin PBXContainerItemProxy section */
		9B201FE026591325007A137A /* PBXContainerItemProxy */ = {
			isa = PBXContainerItemProxy;
			containerPortal = 9BA440A926591010008A5830 /* Project object */;
			proxyType = 1;
			remoteGlobalIDString = 9BA440B026591010008A5830;
			remoteInfo = RestLogger;
		};
/* End PBXContainerItemProxy section */

/* Begin PBXCopyFilesBuildPhase section */
		9BA440AF26591010008A5830 /* CopyFiles */ = {
			isa = PBXCopyFilesBuildPhase;
			buildActionMask = 2147483647;
			dstPath = "include/$(PRODUCT_NAME)";
			dstSubfolderSpec = 16;
			files = (
			);
			runOnlyForDeploymentPostprocessing = 0;
		};
/* End PBXCopyFilesBuildPhase section */

/* Begin PBXFileReference section */
		9B06C0ED265A5A5E0069CAB4 /* RestLogger+Tests.swift */ = {isa = PBXFileReference; lastKnownFileType = sourcecode.swift; path = "RestLogger+Tests.swift"; sourceTree = "<group>"; };
		9B06C0F3265A5BD10069CAB4 /* Dependencies.swift */ = {isa = PBXFileReference; lastKnownFileType = sourcecode.swift; path = Dependencies.swift; sourceTree = "<group>"; };
		9B06C0F7265A5C5B0069CAB4 /* Dependencies+Tests.swift */ = {isa = PBXFileReference; lastKnownFileType = sourcecode.swift; path = "Dependencies+Tests.swift"; sourceTree = "<group>"; };
		9B201FCA2659116F007A137A /* RestMethod.swift */ = {isa = PBXFileReference; lastKnownFileType = sourcecode.swift; path = RestMethod.swift; sourceTree = "<group>"; };
		9B201FCD2659119A007A137A /* RestRequest.swift */ = {isa = PBXFileReference; lastKnownFileType = sourcecode.swift; path = RestRequest.swift; sourceTree = "<group>"; };
		9B201FD0265911C1007A137A /* RestOperation.swift */ = {isa = PBXFileReference; lastKnownFileType = sourcecode.swift; path = RestOperation.swift; sourceTree = "<group>"; };
		9B201FD3265911EE007A137A /* RestClient.swift */ = {isa = PBXFileReference; lastKnownFileType = sourcecode.swift; path = RestClient.swift; sourceTree = "<group>"; };
		9B201FDA26591325007A137A /* RestLoggerTests.xctest */ = {isa = PBXFileReference; explicitFileType = wrapper.cfbundle; includeInIndex = 0; path = RestLoggerTests.xctest; sourceTree = BUILT_PRODUCTS_DIR; };
		9B201FDC26591325007A137A /* RestClientTests.swift */ = {isa = PBXFileReference; lastKnownFileType = sourcecode.swift; path = RestClientTests.swift; sourceTree = "<group>"; };
		9B201FDE26591325007A137A /* Info.plist */ = {isa = PBXFileReference; lastKnownFileType = text.plist.xml; path = Info.plist; sourceTree = "<group>"; };
		9BA440B126591010008A5830 /* libRestLogger.a */ = {isa = PBXFileReference; explicitFileType = archive.ar; includeInIndex = 0; path = libRestLogger.a; sourceTree = BUILT_PRODUCTS_DIR; };
		9BA440B426591010008A5830 /* RestLogger.swift */ = {isa = PBXFileReference; lastKnownFileType = sourcecode.swift; path = RestLogger.swift; sourceTree = "<group>"; };
/* End PBXFileReference section */

/* Begin PBXFrameworksBuildPhase section */
		9B201FD726591325007A137A /* Frameworks */ = {
			isa = PBXFrameworksBuildPhase;
			buildActionMask = 2147483647;
			files = (
				9B201FDF26591325007A137A /* libRestLogger.a in Frameworks */,
			);
			runOnlyForDeploymentPostprocessing = 0;
		};
		9BA440AE26591010008A5830 /* Frameworks */ = {
			isa = PBXFrameworksBuildPhase;
			buildActionMask = 2147483647;
			files = (
			);
			runOnlyForDeploymentPostprocessing = 0;
		};
/* End PBXFrameworksBuildPhase section */

/* Begin PBXGroup section */
		9B201FDB26591325007A137A /* RestLoggerTests */ = {
			isa = PBXGroup;
			children = (
				9B201FDC26591325007A137A /* RestClientTests.swift */,
				9B06C0F7265A5C5B0069CAB4 /* Dependencies+Tests.swift */,
				9B06C0ED265A5A5E0069CAB4 /* RestLogger+Tests.swift */,
				9B201FDE26591325007A137A /* Info.plist */,
			);
			path = RestLoggerTests;
			sourceTree = "<group>";
		};
		9BA440A826591010008A5830 = {
			isa = PBXGroup;
			children = (
				9BA440B326591010008A5830 /* RestLogger */,
				9B201FDB26591325007A137A /* RestLoggerTests */,
				9BA440B226591010008A5830 /* Products */,
			);
			sourceTree = "<group>";
		};
		9BA440B226591010008A5830 /* Products */ = {
			isa = PBXGroup;
			children = (
				9BA440B126591010008A5830 /* libRestLogger.a */,
				9B201FDA26591325007A137A /* RestLoggerTests.xctest */,
			);
			name = Products;
			sourceTree = "<group>";
		};
		9BA440B326591010008A5830 /* RestLogger */ = {
			isa = PBXGroup;
			children = (
				9BA440B426591010008A5830 /* RestLogger.swift */,
				9B201FCA2659116F007A137A /* RestMethod.swift */,
				9B201FCD2659119A007A137A /* RestRequest.swift */,
				9B201FD0265911C1007A137A /* RestOperation.swift */,
				9B201FD3265911EE007A137A /* RestClient.swift */,
				9B06C0F3265A5BD10069CAB4 /* Dependencies.swift */,
			);
			path = RestLogger;
			sourceTree = "<group>";
		};
/* End PBXGroup section */

/* Begin PBXNativeTarget section */
		9B201FD926591325007A137A /* RestLoggerTests */ = {
			isa = PBXNativeTarget;
			buildConfigurationList = 9B201FE226591325007A137A /* Build configuration list for PBXNativeTarget "RestLoggerTests" */;
			buildPhases = (
				9B201FD626591325007A137A /* Sources */,
				9B201FD726591325007A137A /* Frameworks */,
				9B201FD826591325007A137A /* Resources */,
			);
			buildRules = (
			);
			dependencies = (
				9B201FE126591325007A137A /* PBXTargetDependency */,
			);
			name = RestLoggerTests;
			productName = RestLoggerTests;
			productReference = 9B201FDA26591325007A137A /* RestLoggerTests.xctest */;
			productType = "com.apple.product-type.bundle.unit-test";
		};
		9BA440B026591010008A5830 /* RestLogger */ = {
			isa = PBXNativeTarget;
			buildConfigurationList = 9BA440B826591010008A5830 /* Build configuration list for PBXNativeTarget "RestLogger" */;
			buildPhases = (
				9BA440AD26591010008A5830 /* Sources */,
				9BA440AE26591010008A5830 /* Frameworks */,
				9BA440AF26591010008A5830 /* CopyFiles */,
			);
			buildRules = (
			);
			dependencies = (
			);
			name = RestLogger;
			productName = RestLogger;
			productReference = 9BA440B126591010008A5830 /* libRestLogger.a */;
			productType = "com.apple.product-type.library.static";
		};
/* End PBXNativeTarget section */

/* Begin PBXProject section */
		9BA440A926591010008A5830 /* Project object */ = {
			isa = PBXProject;
			attributes = {
				LastSwiftUpdateCheck = 1240;
				LastUpgradeCheck = 1240;
				TargetAttributes = {
					9B201FD926591325007A137A = {
						CreatedOnToolsVersion = 12.4;
					};
					9BA440B026591010008A5830 = {
						CreatedOnToolsVersion = 12.4;
					};
				};
			};
			buildConfigurationList = 9BA440AC26591010008A5830 /* Build configuration list for PBXProject "RestLogger" */;
			compatibilityVersion = "Xcode 9.3";
			developmentRegion = en;
			hasScannedForEncodings = 0;
			knownRegions = (
				en,
				Base,
			);
			mainGroup = 9BA440A826591010008A5830;
			productRefGroup = 9BA440B226591010008A5830 /* Products */;
			projectDirPath = "";
			projectRoot = "";
			targets = (
				9BA440B026591010008A5830 /* RestLogger */,
				9B201FD926591325007A137A /* RestLoggerTests */,
			);
		};
/* End PBXProject section */

/* Begin PBXResourcesBuildPhase section */
		9B201FD826591325007A137A /* Resources */ = {
			isa = PBXResourcesBuildPhase;
			buildActionMask = 2147483647;
			files = (
			);
			runOnlyForDeploymentPostprocessing = 0;
		};
/* End PBXResourcesBuildPhase section */

/* Begin PBXSourcesBuildPhase section */
		9B201FD626591325007A137A /* Sources */ = {
			isa = PBXSourcesBuildPhase;
			buildActionMask = 2147483647;
			files = (
				9B201FDD26591325007A137A /* RestClientTests.swift in Sources */,
				9B06C0EE265A5A5E0069CAB4 /* RestLogger+Tests.swift in Sources */,
				9B06C0F8265A5C5B0069CAB4 /* Dependencies+Tests.swift in Sources */,
			);
			runOnlyForDeploymentPostprocessing = 0;
		};
		9BA440AD26591010008A5830 /* Sources */ = {
			isa = PBXSourcesBuildPhase;
			buildActionMask = 2147483647;
			files = (
				9B06C0F4265A5BD10069CAB4 /* Dependencies.swift in Sources */,
				9B201FCB2659116F007A137A /* RestMethod.swift in Sources */,
				9B201FD1265911C1007A137A /* RestOperation.swift in Sources */,
				9BA440B526591010008A5830 /* RestLogger.swift in Sources */,
				9B201FD4265911EE007A137A /* RestClient.swift in Sources */,
				9B201FCE2659119A007A137A /* RestRequest.swift in Sources */,
			);
			runOnlyForDeploymentPostprocessing = 0;
		};
/* End PBXSourcesBuildPhase section */

/* Begin PBXTargetDependency section */
		9B201FE126591325007A137A /* PBXTargetDependency */ = {
			isa = PBXTargetDependency;
			target = 9BA440B026591010008A5830 /* RestLogger */;
			targetProxy = 9B201FE026591325007A137A /* PBXContainerItemProxy */;
		};
/* End PBXTargetDependency section */

/* Begin XCBuildConfiguration section */
		9B201FE326591325007A137A /* Debug */ = {
			isa = XCBuildConfiguration;
			buildSettings = {
				CODE_SIGN_STYLE = Automatic;
				INFOPLIST_FILE = RestLoggerTests/Info.plist;
				LD_RUNPATH_SEARCH_PATHS = (
					"$(inherited)",
					"@executable_path/Frameworks",
					"@loader_path/Frameworks",
				);
				PRODUCT_BUNDLE_IDENTIFIER = org.shenghuawu.RestLoggerTests;
				PRODUCT_NAME = "$(TARGET_NAME)";
				SWIFT_VERSION = 5.0;
				TARGETED_DEVICE_FAMILY = "1,2";
			};
			name = Debug;
		};
		9B201FE426591325007A137A /* Release */ = {
			isa = XCBuildConfiguration;
			buildSettings = {
				CODE_SIGN_STYLE = Automatic;
				INFOPLIST_FILE = RestLoggerTests/Info.plist;
				LD_RUNPATH_SEARCH_PATHS = (
					"$(inherited)",
					"@executable_path/Frameworks",
					"@loader_path/Frameworks",
				);
				PRODUCT_BUNDLE_IDENTIFIER = org.shenghuawu.RestLoggerTests;
				PRODUCT_NAME = "$(TARGET_NAME)";
				SWIFT_VERSION = 5.0;
				TARGETED_DEVICE_FAMILY = "1,2";
			};
			name = Release;
		};
		9BA440B626591010008A5830 /* Debug */ = {
			isa = XCBuildConfiguration;
			buildSettings = {
				ALWAYS_SEARCH_USER_PATHS = NO;
				CLANG_ANALYZER_NONNULL = YES;
				CLANG_ANALYZER_NUMBER_OBJECT_CONVERSION = YES_AGGRESSIVE;
				CLANG_CXX_LANGUAGE_STANDARD = "gnu++14";
				CLANG_CXX_LIBRARY = "libc++";
				CLANG_ENABLE_MODULES = YES;
				CLANG_ENABLE_OBJC_ARC = YES;
				CLANG_ENABLE_OBJC_WEAK = YES;
				CLANG_WARN_BLOCK_CAPTURE_AUTORELEASING = YES;
				CLANG_WARN_BOOL_CONVERSION = YES;
				CLANG_WARN_COMMA = YES;
				CLANG_WARN_CONSTANT_CONVERSION = YES;
				CLANG_WARN_DEPRECATED_OBJC_IMPLEMENTATIONS = YES;
				CLANG_WARN_DIRECT_OBJC_ISA_USAGE = YES_ERROR;
				CLANG_WARN_DOCUMENTATION_COMMENTS = YES;
				CLANG_WARN_EMPTY_BODY = YES;
				CLANG_WARN_ENUM_CONVERSION = YES;
				CLANG_WARN_INFINITE_RECURSION = YES;
				CLANG_WARN_INT_CONVERSION = YES;
				CLANG_WARN_NON_LITERAL_NULL_CONVERSION = YES;
				CLANG_WARN_OBJC_IMPLICIT_RETAIN_SELF = YES;
				CLANG_WARN_OBJC_LITERAL_CONVERSION = YES;
				CLANG_WARN_OBJC_ROOT_CLASS = YES_ERROR;
				CLANG_WARN_QUOTED_INCLUDE_IN_FRAMEWORK_HEADER = YES;
				CLANG_WARN_RANGE_LOOP_ANALYSIS = YES;
				CLANG_WARN_STRICT_PROTOTYPES = YES;
				CLANG_WARN_SUSPICIOUS_MOVE = YES;
				CLANG_WARN_UNGUARDED_AVAILABILITY = YES_AGGRESSIVE;
				CLANG_WARN_UNREACHABLE_CODE = YES;
				CLANG_WARN__DUPLICATE_METHOD_MATCH = YES;
				COPY_PHASE_STRIP = NO;
				DEBUG_INFORMATION_FORMAT = dwarf;
				ENABLE_STRICT_OBJC_MSGSEND = YES;
				ENABLE_TESTABILITY = YES;
				GCC_C_LANGUAGE_STANDARD = gnu11;
				GCC_DYNAMIC_NO_PIC = NO;
				GCC_NO_COMMON_BLOCKS = YES;
				GCC_OPTIMIZATION_LEVEL = 0;
				GCC_PREPROCESSOR_DEFINITIONS = (
					"DEBUG=1",
					"$(inherited)",
				);
				GCC_WARN_64_TO_32_BIT_CONVERSION = YES;
				GCC_WARN_ABOUT_RETURN_TYPE = YES_ERROR;
				GCC_WARN_UNDECLARED_SELECTOR = YES;
				GCC_WARN_UNINITIALIZED_AUTOS = YES_AGGRESSIVE;
				GCC_WARN_UNUSED_FUNCTION = YES;
				GCC_WARN_UNUSED_VARIABLE = YES;
				IPHONEOS_DEPLOYMENT_TARGET = 14.4;
				MTL_ENABLE_DEBUG_INFO = INCLUDE_SOURCE;
				MTL_FAST_MATH = YES;
				ONLY_ACTIVE_ARCH = YES;
				SDKROOT = iphoneos;
				SWIFT_ACTIVE_COMPILATION_CONDITIONS = DEBUG;
				SWIFT_OPTIMIZATION_LEVEL = "-Onone";
			};
			name = Debug;
		};
		9BA440B726591010008A5830 /* Release */ = {
			isa = XCBuildConfiguration;
			buildSettings = {
				ALWAYS_SEARCH_USER_PATHS = NO;
				CLANG_ANALYZER_NONNULL = YES;
				CLANG_ANALYZER_NUMBER_OBJECT_CONVERSION = YES_AGGRESSIVE;
				CLANG_CXX_LANGUAGE_STANDARD = "gnu++14";
				CLANG_CXX_LIBRARY = "libc++";
				CLANG_ENABLE_MODULES = YES;
				CLANG_ENABLE_OBJC_ARC = YES;
				CLANG_ENABLE_OBJC_WEAK = YES;
				CLANG_WARN_BLOCK_CAPTURE_AUTORELEASING = YES;
				CLANG_WARN_BOOL_CONVERSION = YES;
				CLANG_WARN_COMMA = YES;
				CLANG_WARN_CONSTANT_CONVERSION = YES;
				CLANG_WARN_DEPRECATED_OBJC_IMPLEMENTATIONS = YES;
				CLANG_WARN_DIRECT_OBJC_ISA_USAGE = YES_ERROR;
				CLANG_WARN_DOCUMENTATION_COMMENTS = YES;
				CLANG_WARN_EMPTY_BODY = YES;
				CLANG_WARN_ENUM_CONVERSION = YES;
				CLANG_WARN_INFINITE_RECURSION = YES;
				CLANG_WARN_INT_CONVERSION = YES;
				CLANG_WARN_NON_LITERAL_NULL_CONVERSION = YES;
				CLANG_WARN_OBJC_IMPLICIT_RETAIN_SELF = YES;
				CLANG_WARN_OBJC_LITERAL_CONVERSION = YES;
				CLANG_WARN_OBJC_ROOT_CLASS = YES_ERROR;
				CLANG_WARN_QUOTED_INCLUDE_IN_FRAMEWORK_HEADER = YES;
				CLANG_WARN_RANGE_LOOP_ANALYSIS = YES;
				CLANG_WARN_STRICT_PROTOTYPES = YES;
				CLANG_WARN_SUSPICIOUS_MOVE = YES;
				CLANG_WARN_UNGUARDED_AVAILABILITY = YES_AGGRESSIVE;
				CLANG_WARN_UNREACHABLE_CODE = YES;
				CLANG_WARN__DUPLICATE_METHOD_MATCH = YES;
				COPY_PHASE_STRIP = NO;
				DEBUG_INFORMATION_FORMAT = "dwarf-with-dsym";
				ENABLE_NS_ASSERTIONS = NO;
				ENABLE_STRICT_OBJC_MSGSEND = YES;
				GCC_C_LANGUAGE_STANDARD = gnu11;
				GCC_NO_COMMON_BLOCKS = YES;
				GCC_WARN_64_TO_32_BIT_CONVERSION = YES;
				GCC_WARN_ABOUT_RETURN_TYPE = YES_ERROR;
				GCC_WARN_UNDECLARED_SELECTOR = YES;
				GCC_WARN_UNINITIALIZED_AUTOS = YES_AGGRESSIVE;
				GCC_WARN_UNUSED_FUNCTION = YES;
				GCC_WARN_UNUSED_VARIABLE = YES;
				IPHONEOS_DEPLOYMENT_TARGET = 14.4;
				MTL_ENABLE_DEBUG_INFO = NO;
				MTL_FAST_MATH = YES;
				SDKROOT = iphoneos;
				SWIFT_COMPILATION_MODE = wholemodule;
				SWIFT_OPTIMIZATION_LEVEL = "-O";
				VALIDATE_PRODUCT = YES;
			};
			name = Release;
		};
		9BA440B926591010008A5830 /* Debug */ = {
			isa = XCBuildConfiguration;
			buildSettings = {
				CODE_SIGN_STYLE = Automatic;
				OTHER_LDFLAGS = "-ObjC";
				PRODUCT_NAME = "$(TARGET_NAME)";
				SKIP_INSTALL = YES;
				SWIFT_VERSION = 5.0;
				TARGETED_DEVICE_FAMILY = "1,2";
			};
			name = Debug;
		};
		9BA440BA26591010008A5830 /* Release */ = {
			isa = XCBuildConfiguration;
			buildSettings = {
				CODE_SIGN_STYLE = Automatic;
				OTHER_LDFLAGS = "-ObjC";
				PRODUCT_NAME = "$(TARGET_NAME)";
				SKIP_INSTALL = YES;
				SWIFT_VERSION = 5.0;
				TARGETED_DEVICE_FAMILY = "1,2";
			};
			name = Release;
		};
/* End XCBuildConfiguration section */

/* Begin XCConfigurationList section */
		9B201FE226591325007A137A /* Build configuration list for PBXNativeTarget "RestLoggerTests" */ = {
			isa = XCConfigurationList;
			buildConfigurations = (
				9B201FE326591325007A137A /* Debug */,
				9B201FE426591325007A137A /* Release */,
			);
			defaultConfigurationIsVisible = 0;
			defaultConfigurationName = Release;
		};
		9BA440AC26591010008A5830 /* Build configuration list for PBXProject "RestLogger" */ = {
			isa = XCConfigurationList;
			buildConfigurations = (
				9BA440B626591010008A5830 /* Debug */,
				9BA440B726591010008A5830 /* Release */,
			);
			defaultConfigurationIsVisible = 0;
			defaultConfigurationName = Release;
		};
		9BA440B826591010008A5830 /* Build configuration list for PBXNativeTarget "RestLogger" */ = {
			isa = XCConfigurationList;
			buildConfigurations = (
				9BA440B926591010008A5830 /* Debug */,
				9BA440BA26591010008A5830 /* Release */,
			);
			defaultConfigurationIsVisible = 0;
			defaultConfigurationName = Release;
		};
/* End XCConfigurationList section */
	};
	rootObject = 9BA440A926591010008A5830 /* Project object */;
}
